
Microsoft Visual Studio Solution File, Format Version 12.00
# Visual Studio Version 16
VisualStudioVersion = 16.0.34031.81
MinimumVisualStudioVersion = 10.0.40219.1
Project("{2150E333-8FDC-42A3-9474-1A3956D46DE8}") = "Task0", "Task0", "{06CE0B04-561E-4899-9245-31304939BEC4}"
EndProject
Project("{FAE04EC0-301F-11D3-BF4B-00C04F79EFBC}") = "Tyuiu.MezentsevSE.Sprint4.Task0.V26", "Tyuiu.MezentsevSE.Sprint4.Task0.V26\Tyuiu.MezentsevSE.Sprint4.Task0.V26.csproj", "{367DC058-F954-4B16-BDC5-2DE014F659ED}"
EndProject
Project("{FAE04EC0-301F-11D3-BF4B-00C04F79EFBC}") = "Tyuiu.MezentsevSE.Sprint4.Task0.V26.Lib", "Tyuiu.MezentsevSE.Sprint4.Task0.V26.Lib\Tyuiu.MezentsevSE.Sprint4.Task0.V26.Lib.csproj", "{8155F61B-7A1A-458D-9895-170BE38F404D}"
EndProject
Project("{FAE04EC0-301F-11D3-BF4B-00C04F79EFBC}") = "Tyuiu.MezentsevSE.Sprint4.Task0.V26.Test", "Tyuiu.MezentsevSE.Sprint4.Task0.V26.Test\Tyuiu.MezentsevSE.Sprint4.Task0.V26.Test.csproj", "{ABDBCBFC-DC65-4D72-A955-C120F70E193D}"
EndProject
Project("{2150E333-8FDC-42A3-9474-1A3956D46DE8}") = "Task1", "Task1", "{D03174EB-EFC0-4651-8D02-C631D9188F2C}"
EndProject
Project("{FAE04EC0-301F-11D3-BF4B-00C04F79EFBC}") = "Tyuiu.MezentsevSE.Sprint4.Task1.V19", "Tyuiu.MezentsevSE.Sprint4.Task1.V19\Tyuiu.MezentsevSE.Sprint4.Task1.V19.csproj", "{37A6FFD5-7EDA-4C84-A6B7-02BE71643A16}"
EndProject
Project("{FAE04EC0-301F-11D3-BF4B-00C04F79EFBC}") = "Tyuiu.MezentsevSE.Sprint4.Task1.V19.Lib", "Tyuiu.MezentsevSE.Sprint4.Task1.V19.Lib\Tyuiu.MezentsevSE.Sprint4.Task1.V19.Lib.csproj", "{9BCC46E5-862A-46AE-81F0-9621AB052482}"
EndProject
Project("{FAE04EC0-301F-11D3-BF4B-00C04F79EFBC}") = "Tyuiu.MezentsevSE.Sprint4.Task1.V19.Test", "Tyuiu.MezentsevSE.Sprint4.Task1.V19.Test\Tyuiu.MezentsevSE.Sprint4.Task1.V19.Test.csproj", "{AC9F8D01-4217-4EF6-B58A-E716CC1671AE}"
EndProject
Project("{2150E333-8FDC-42A3-9474-1A3956D46DE8}") = "Task2", "Task2", "{228C670C-5610-4FC1-A556-7E876AD83CB2}"
EndProject
Project("{FAE04EC0-301F-11D3-BF4B-00C04F79EFBC}") = "Tyuiu.MezentsevSE.Sprint4.Task2.V12", "Tyuiu.MezentsevSE.Sprint4.Task2.V12\Tyuiu.MezentsevSE.Sprint4.Task2.V12.csproj", "{4F1C8C5C-53A9-42C9-9C8F-8CB459B2CB25}"
EndProject
Project("{FAE04EC0-301F-11D3-BF4B-00C04F79EFBC}") = "Tyuiu.MezentsevSE.Sprint4.Task2.V12.Lib", "Tyuiu.MezentsevSE.Sprint4.Task2.V12.Lib\Tyuiu.MezentsevSE.Sprint4.Task2.V12.Lib.csproj", "{6DA29E80-4F9C-45EC-B001-8AFDBB5EC044}"
EndProject
Project("{FAE04EC0-301F-11D3-BF4B-00C04F79EFBC}") = "Tyuiu.MezentsevSE.Sprint4.Task2.V12.Test", "Tyuiu.MezentsevSE.Sprint4.Task2.V12.Test\Tyuiu.MezentsevSE.Sprint4.Task2.V12.Test.csproj", "{F4EC9E0B-BD23-474B-837B-23C082732925}"
EndProject
Project("{2150E333-8FDC-42A3-9474-1A3956D46DE8}") = "Task3", "Task3", "{989CC4BD-E749-4E50-BB94-7D322AA76F51}"
EndProject
Project("{FAE04EC0-301F-11D3-BF4B-00C04F79EFBC}") = "Tyuiu.MezentsevSE.Sprint4.Task3.V24", "Tyuiu.MezentsevSE.Sprint4.Task3.V24\Tyuiu.MezentsevSE.Sprint4.Task3.V24.csproj", "{BBE28BEE-E0BD-425C-811A-2BE9DA219C8A}"
EndProject
Project("{FAE04EC0-301F-11D3-BF4B-00C04F79EFBC}") = "Tyuiu.MezentsevSE.Sprint4.Task3.V24.Lib", "Tyuiu.MezentsevSE.Sprint4.Task3.V24.Lib\Tyuiu.MezentsevSE.Sprint4.Task3.V24.Lib.csproj", "{49A88A38-C003-4DBD-9849-421503507E98}"
EndProject
Project("{FAE04EC0-301F-11D3-BF4B-00C04F79EFBC}") = "Tyuiu.MezentsevSE.Sprint4.Task3.V24.Test", "Tyuiu.MezentsevSE.Sprint4.Task3.V24.Test\Tyuiu.MezentsevSE.Sprint4.Task3.V24.Test.csproj", "{7B266168-E69C-4CE0-BD1D-84A2BC6F1653}"
EndProject
Project("{2150E333-8FDC-42A3-9474-1A3956D46DE8}") = "Task4", "Task4", "{ECA09B22-BB47-4A90-88E9-7C096EED23CC}"
EndProject
Project("{FAE04EC0-301F-11D3-BF4B-00C04F79EFBC}") = "Tyuiu.MezentsevSE.Sprint4.Task4.V4", "Tyuiu.MezentsevSE.Sprint4.Task4.V4\Tyuiu.MezentsevSE.Sprint4.Task4.V4.csproj", "{CB6B1D2B-0D52-4265-8D78-8380ECC423EB}"
EndProject
Project("{FAE04EC0-301F-11D3-BF4B-00C04F79EFBC}") = "Tyuiu.MezentsevSE.Sprint4.Task4.V4.Lib", "Tyuiu.MezentsevSE.Sprint4.Task4.V4.Lib\Tyuiu.MezentsevSE.Sprint4.Task4.V4.Lib.csproj", "{962A019E-156A-408C-9251-31F42DFA96CD}"
EndProject
Project("{FAE04EC0-301F-11D3-BF4B-00C04F79EFBC}") = "Tyuiu.MezentsevSE.Sprint4.Task4.V4.Test", "Tyuiu.MezentsevSE.Sprint4.Task4.V4.Test\Tyuiu.MezentsevSE.Sprint4.Task4.V4.Test.csproj", "{C4B2B880-540F-4881-A29D-BECB5365695E}"
EndProject
Project("{2150E333-8FDC-42A3-9474-1A3956D46DE8}") = "Task5", "Task5", "{A78D7CEF-1281-4F00-AAEE-B1B1308349C2}"
EndProject
Project("{FAE04EC0-301F-11D3-BF4B-00C04F79EFBC}") = "Tyuiu.MezentsevSE.Sprint4.Task5.V29", "Tyuiu.MezentsevSE.Sprint4.Task5.V29\Tyuiu.MezentsevSE.Sprint4.Task5.V29.csproj", "{9A82CF9D-249E-433D-BDC3-B4443A5119D9}"
EndProject
Project("{FAE04EC0-301F-11D3-BF4B-00C04F79EFBC}") = "Tyuiu.MezentsevSE.Sprint4.Task5.V29.Lib", "Tyuiu.MezentsevSE.Sprint4.Task5.V29.Lib\Tyuiu.MezentsevSE.Sprint4.Task5.V29.Lib.csproj", "{38F471EB-63F8-47CC-965E-11A9809D3803}"
EndProject
Project("{FAE04EC0-301F-11D3-BF4B-00C04F79EFBC}") = "Tyuiu.MezentsevSE.Sprint4.Task5.V29.Test", "Tyuiu.MezentsevSE.Sprint4.Task5.V29.Test\Tyuiu.MezentsevSE.Sprint4.Task5.V29.Test.csproj", "{F55C1DAA-BC80-409E-8D66-0628011FA402}"
EndProject
Project("{2150E333-8FDC-42A3-9474-1A3956D46DE8}") = "Task6", "Task6", "{1DB73CDD-EC55-4148-8D3A-4D8AE8A556D8}"
EndProject
Project("{FAE04EC0-301F-11D3-BF4B-00C04F79EFBC}") = "Tyuiu.MezentsevSE.Sprint4.Task6.V13", "Tyuiu.MezentsevSE.Sprint4.Task6.V13\Tyuiu.MezentsevSE.Sprint4.Task6.V13.csproj", "{92C273C8-9581-46B8-AEA6-B766AF8F9301}"
EndProject
Project("{FAE04EC0-301F-11D3-BF4B-00C04F79EFBC}") = "Tyuiu.MezentsevSE.Sprint4.Task6.V13.Lib", "Tyuiu.MezentsevSE.Sprint4.Task6.V13.Lib\Tyuiu.MezentsevSE.Sprint4.Task6.V13.Lib.csproj", "{399E3DC1-62D0-4CAE-AC5F-9B7AD483F583}"
EndProject
Project("{FAE04EC0-301F-11D3-BF4B-00C04F79EFBC}") = "Tyuiu.MezentsevSE.Sprint4.Task6.V13.Test", "Tyuiu.MezentsevSE.Sprint4.Task6.V13.Test\Tyuiu.MezentsevSE.Sprint4.Task6.V13.Test.csproj", "{7B75C65D-2E7D-4CB2-A637-AF40FD88A909}"
EndProject
Project("{2150E333-8FDC-42A3-9474-1A3956D46DE8}") = "Task7", "Task7", "{D2361417-13CA-4C90-AA43-BA6E33BA9F37}"
EndProject
Project("{FAE04EC0-301F-11D3-BF4B-00C04F79EFBC}") = "Tyuiu.MezentsevSE.Sprint4.Task7.V29", "Tyuiu.MezentsevSE.Sprint4.Task7.V29\Tyuiu.MezentsevSE.Sprint4.Task7.V29.csproj", "{BE8ABAE5-5333-46F6-9616-DC5FBAC3C105}"
EndProject
Project("{FAE04EC0-301F-11D3-BF4B-00C04F79EFBC}") = "Tyuiu.MezentsevSE.Sprint4.Task7.V29.Lib", "Tyuiu.MezentsevSE.Sprint4.Task7.V29.Lib\Tyuiu.MezentsevSE.Sprint4.Task7.V29.Lib.csproj", "{12744A5E-F778-4BBB-8AF0-17C7699A5E01}"
EndProject
Project("{FAE04EC0-301F-11D3-BF4B-00C04F79EFBC}") = "Tyuiu.MezentsevSE.Sprint4.Task7.V29.Test", "Tyuiu.MezentsevSE.Sprint4.Task7.V29.Test\Tyuiu.MezentsevSE.Sprint4.Task7.V29.Test.csproj", "{BFC7B337-5E7E-4F87-881B-EE73AE09AEFD}"
EndProject
Global
	GlobalSection(SolutionConfigurationPlatforms) = preSolution
		Debug|Any CPU = Debug|Any CPU
		Release|Any CPU = Release|Any CPU
	EndGlobalSection
	GlobalSection(ProjectConfigurationPlatforms) = postSolution
		{367DC058-F954-4B16-BDC5-2DE014F659ED}.Debug|Any CPU.ActiveCfg = Debug|Any CPU
		{367DC058-F954-4B16-BDC5-2DE014F659ED}.Debug|Any CPU.Build.0 = Debug|Any CPU
		{367DC058-F954-4B16-BDC5-2DE014F659ED}.Release|Any CPU.ActiveCfg = Release|Any CPU
		{367DC058-F954-4B16-BDC5-2DE014F659ED}.Release|Any CPU.Build.0 = Release|Any CPU
		{8155F61B-7A1A-458D-9895-170BE38F404D}.Debug|Any CPU.ActiveCfg = Debug|Any CPU
		{8155F61B-7A1A-458D-9895-170BE38F404D}.Debug|Any CPU.Build.0 = Debug|Any CPU
		{8155F61B-7A1A-458D-9895-170BE38F404D}.Release|Any CPU.ActiveCfg = Release|Any CPU
		{8155F61B-7A1A-458D-9895-170BE38F404D}.Release|Any CPU.Build.0 = Release|Any CPU
		{ABDBCBFC-DC65-4D72-A955-C120F70E193D}.Debug|Any CPU.ActiveCfg = Debug|Any CPU
		{ABDBCBFC-DC65-4D72-A955-C120F70E193D}.Debug|Any CPU.Build.0 = Debug|Any CPU
		{ABDBCBFC-DC65-4D72-A955-C120F70E193D}.Release|Any CPU.ActiveCfg = Release|Any CPU
		{ABDBCBFC-DC65-4D72-A955-C120F70E193D}.Release|Any CPU.Build.0 = Release|Any CPU
		{37A6FFD5-7EDA-4C84-A6B7-02BE71643A16}.Debug|Any CPU.ActiveCfg = Debug|Any CPU
		{37A6FFD5-7EDA-4C84-A6B7-02BE71643A16}.Debug|Any CPU.Build.0 = Debug|Any CPU
		{37A6FFD5-7EDA-4C84-A6B7-02BE71643A16}.Release|Any CPU.ActiveCfg = Release|Any CPU
		{37A6FFD5-7EDA-4C84-A6B7-02BE71643A16}.Release|Any CPU.Build.0 = Release|Any CPU
		{9BCC46E5-862A-46AE-81F0-9621AB052482}.Debug|Any CPU.ActiveCfg = Debug|Any CPU
		{9BCC46E5-862A-46AE-81F0-9621AB052482}.Debug|Any CPU.Build.0 = Debug|Any CPU
		{9BCC46E5-862A-46AE-81F0-9621AB052482}.Release|Any CPU.ActiveCfg = Release|Any CPU
		{9BCC46E5-862A-46AE-81F0-9621AB052482}.Release|Any CPU.Build.0 = Release|Any CPU
		{AC9F8D01-4217-4EF6-B58A-E716CC1671AE}.Debug|Any CPU.ActiveCfg = Debug|Any CPU
		{AC9F8D01-4217-4EF6-B58A-E716CC1671AE}.Debug|Any CPU.Build.0 = Debug|Any CPU
		{AC9F8D01-4217-4EF6-B58A-E716CC1671AE}.Release|Any CPU.ActiveCfg = Release|Any CPU
		{AC9F8D01-4217-4EF6-B58A-E716CC1671AE}.Release|Any CPU.Build.0 = Release|Any CPU
		{4F1C8C5C-53A9-42C9-9C8F-8CB459B2CB25}.Debug|Any CPU.ActiveCfg = Debug|Any CPU
		{4F1C8C5C-53A9-42C9-9C8F-8CB459B2CB25}.Debug|Any CPU.Build.0 = Debug|Any CPU
		{4F1C8C5C-53A9-42C9-9C8F-8CB459B2CB25}.Release|Any CPU.ActiveCfg = Release|Any CPU
		{4F1C8C5C-53A9-42C9-9C8F-8CB459B2CB25}.Release|Any CPU.Build.0 = Release|Any CPU
		{6DA29E80-4F9C-45EC-B001-8AFDBB5EC044}.Debug|Any CPU.ActiveCfg = Debug|Any CPU
		{6DA29E80-4F9C-45EC-B001-8AFDBB5EC044}.Debug|Any CPU.Build.0 = Debug|Any CPU
		{6DA29E80-4F9C-45EC-B001-8AFDBB5EC044}.Release|Any CPU.ActiveCfg = Release|Any CPU
		{6DA29E80-4F9C-45EC-B001-8AFDBB5EC044}.Release|Any CPU.Build.0 = Release|Any CPU
		{F4EC9E0B-BD23-474B-837B-23C082732925}.Debug|Any CPU.ActiveCfg = Debug|Any CPU
		{F4EC9E0B-BD23-474B-837B-23C082732925}.Debug|Any CPU.Build.0 = Debug|Any CPU
		{F4EC9E0B-BD23-474B-837B-23C082732925}.Release|Any CPU.ActiveCfg = Release|Any CPU
		{F4EC9E0B-BD23-474B-837B-23C082732925}.Release|Any CPU.Build.0 = Release|Any CPU
		{BBE28BEE-E0BD-425C-811A-2BE9DA219C8A}.Debug|Any CPU.ActiveCfg = Debug|Any CPU
		{BBE28BEE-E0BD-425C-811A-2BE9DA219C8A}.Debug|Any CPU.Build.0 = Debug|Any CPU
		{BBE28BEE-E0BD-425C-811A-2BE9DA219C8A}.Release|Any CPU.ActiveCfg = Release|Any CPU
		{BBE28BEE-E0BD-425C-811A-2BE9DA219C8A}.Release|Any CPU.Build.0 = Release|Any CPU
		{49A88A38-C003-4DBD-9849-421503507E98}.Debug|Any CPU.ActiveCfg = Debug|Any CPU
		{49A88A38-C003-4DBD-9849-421503507E98}.Debug|Any CPU.Build.0 = Debug|Any CPU
		{49A88A38-C003-4DBD-9849-421503507E98}.Release|Any CPU.ActiveCfg = Release|Any CPU
		{49A88A38-C003-4DBD-9849-421503507E98}.Release|Any CPU.Build.0 = Release|Any CPU
		{7B266168-E69C-4CE0-BD1D-84A2BC6F1653}.Debug|Any CPU.ActiveCfg = Debug|Any CPU
		{7B266168-E69C-4CE0-BD1D-84A2BC6F1653}.Debug|Any CPU.Build.0 = Debug|Any CPU
		{7B266168-E69C-4CE0-BD1D-84A2BC6F1653}.Release|Any CPU.ActiveCfg = Release|Any CPU
		{7B266168-E69C-4CE0-BD1D-84A2BC6F1653}.Release|Any CPU.Build.0 = Release|Any CPU
		{CB6B1D2B-0D52-4265-8D78-8380ECC423EB}.Debug|Any CPU.ActiveCfg = Debug|Any CPU
		{CB6B1D2B-0D52-4265-8D78-8380ECC423EB}.Debug|Any CPU.Build.0 = Debug|Any CPU
		{CB6B1D2B-0D52-4265-8D78-8380ECC423EB}.Release|Any CPU.ActiveCfg = Release|Any CPU
		{CB6B1D2B-0D52-4265-8D78-8380ECC423EB}.Release|Any CPU.Build.0 = Release|Any CPU
		{962A019E-156A-408C-9251-31F42DFA96CD}.Debug|Any CPU.ActiveCfg = Debug|Any CPU
		{962A019E-156A-408C-9251-31F42DFA96CD}.Debug|Any CPU.Build.0 = Debug|Any CPU
		{962A019E-156A-408C-9251-31F42DFA96CD}.Release|Any CPU.ActiveCfg = Release|Any CPU
		{962A019E-156A-408C-9251-31F42DFA96CD}.Release|Any CPU.Build.0 = Release|Any CPU
		{C4B2B880-540F-4881-A29D-BECB5365695E}.Debug|Any CPU.ActiveCfg = Debug|Any CPU
		{C4B2B880-540F-4881-A29D-BECB5365695E}.Debug|Any CPU.Build.0 = Debug|Any CPU
		{C4B2B880-540F-4881-A29D-BECB5365695E}.Release|Any CPU.ActiveCfg = Release|Any CPU
		{C4B2B880-540F-4881-A29D-BECB5365695E}.Release|Any CPU.Build.0 = Release|Any CPU
		{9A82CF9D-249E-433D-BDC3-B4443A5119D9}.Debug|Any CPU.ActiveCfg = Debug|Any CPU
		{9A82CF9D-249E-433D-BDC3-B4443A5119D9}.Debug|Any CPU.Build.0 = Debug|Any CPU
		{9A82CF9D-249E-433D-BDC3-B4443A5119D9}.Release|Any CPU.ActiveCfg = Release|Any CPU
		{9A82CF9D-249E-433D-BDC3-B4443A5119D9}.Release|Any CPU.Build.0 = Release|Any CPU
		{38F471EB-63F8-47CC-965E-11A9809D3803}.Debug|Any CPU.ActiveCfg = Debug|Any CPU
		{38F471EB-63F8-47CC-965E-11A9809D3803}.Debug|Any CPU.Build.0 = Debug|Any CPU
		{38F471EB-63F8-47CC-965E-11A9809D3803}.Release|Any CPU.ActiveCfg = Release|Any CPU
		{38F471EB-63F8-47CC-965E-11A9809D3803}.Release|Any CPU.Build.0 = Release|Any CPU
		{F55C1DAA-BC80-409E-8D66-0628011FA402}.Debug|Any CPU.ActiveCfg = Debug|Any CPU
		{F55C1DAA-BC80-409E-8D66-0628011FA402}.Debug|Any CPU.Build.0 = Debug|Any CPU
		{F55C1DAA-BC80-409E-8D66-0628011FA402}.Release|Any CPU.ActiveCfg = Release|Any CPU
		{F55C1DAA-BC80-409E-8D66-0628011FA402}.Release|Any CPU.Build.0 = Release|Any CPU
		{92C273C8-9581-46B8-AEA6-B766AF8F9301}.Debug|Any CPU.ActiveCfg = Debug|Any CPU
		{92C273C8-9581-46B8-AEA6-B766AF8F9301}.Debug|Any CPU.Build.0 = Debug|Any CPU
		{92C273C8-9581-46B8-AEA6-B766AF8F9301}.Release|Any CPU.ActiveCfg = Release|Any CPU
		{92C273C8-9581-46B8-AEA6-B766AF8F9301}.Release|Any CPU.Build.0 = Release|Any CPU
		{399E3DC1-62D0-4CAE-AC5F-9B7AD483F583}.Debug|Any CPU.ActiveCfg = Debug|Any CPU
		{399E3DC1-62D0-4CAE-AC5F-9B7AD483F583}.Debug|Any CPU.Build.0 = Debug|Any CPU
		{399E3DC1-62D0-4CAE-AC5F-9B7AD483F583}.Release|Any CPU.ActiveCfg = Release|Any CPU
		{399E3DC1-62D0-4CAE-AC5F-9B7AD483F583}.Release|Any CPU.Build.0 = Release|Any CPU
		{7B75C65D-2E7D-4CB2-A637-AF40FD88A909}.Debug|Any CPU.ActiveCfg = Debug|Any CPU
		{7B75C65D-2E7D-4CB2-A637-AF40FD88A909}.Debug|Any CPU.Build.0 = Debug|Any CPU
		{7B75C65D-2E7D-4CB2-A637-AF40FD88A909}.Release|Any CPU.ActiveCfg = Release|Any CPU
		{7B75C65D-2E7D-4CB2-A637-AF40FD88A909}.Release|Any CPU.Build.0 = Release|Any CPU
		{BE8ABAE5-5333-46F6-9616-DC5FBAC3C105}.Debug|Any CPU.ActiveCfg = Debug|Any CPU
		{BE8ABAE5-5333-46F6-9616-DC5FBAC3C105}.Debug|Any CPU.Build.0 = Debug|Any CPU
		{BE8ABAE5-5333-46F6-9616-DC5FBAC3C105}.Release|Any CPU.ActiveCfg = Release|Any CPU
		{BE8ABAE5-5333-46F6-9616-DC5FBAC3C105}.Release|Any CPU.Build.0 = Release|Any CPU
		{12744A5E-F778-4BBB-8AF0-17C7699A5E01}.Debug|Any CPU.ActiveCfg = Debug|Any CPU
		{12744A5E-F778-4BBB-8AF0-17C7699A5E01}.Debug|Any CPU.Build.0 = Debug|Any CPU
		{12744A5E-F778-4BBB-8AF0-17C7699A5E01}.Release|Any CPU.ActiveCfg = Release|Any CPU
		{12744A5E-F778-4BBB-8AF0-17C7699A5E01}.Release|Any CPU.Build.0 = Release|Any CPU
		{BFC7B337-5E7E-4F87-881B-EE73AE09AEFD}.Debug|Any CPU.ActiveCfg = Debug|Any CPU
		{BFC7B337-5E7E-4F87-881B-EE73AE09AEFD}.Debug|Any CPU.Build.0 = Debug|Any CPU
		{BFC7B337-5E7E-4F87-881B-EE73AE09AEFD}.Release|Any CPU.ActiveCfg = Release|Any CPU
		{BFC7B337-5E7E-4F87-881B-EE73AE09AEFD}.Release|Any CPU.Build.0 = Release|Any CPU
	EndGlobalSection
	GlobalSection(SolutionProperties) = preSolution
		HideSolutionNode = FALSE
	EndGlobalSection
	GlobalSection(NestedProjects) = preSolution
		{367DC058-F954-4B16-BDC5-2DE014F659ED} = {06CE0B04-561E-4899-9245-31304939BEC4}
		{8155F61B-7A1A-458D-9895-170BE38F404D} = {06CE0B04-561E-4899-9245-31304939BEC4}
		{ABDBCBFC-DC65-4D72-A955-C120F70E193D} = {06CE0B04-561E-4899-9245-31304939BEC4}
		{37A6FFD5-7EDA-4C84-A6B7-02BE71643A16} = {D03174EB-EFC0-4651-8D02-C631D9188F2C}
		{9BCC46E5-862A-46AE-81F0-9621AB052482} = {D03174EB-EFC0-4651-8D02-C631D9188F2C}
		{AC9F8D01-4217-4EF6-B58A-E716CC1671AE} = {D03174EB-EFC0-4651-8D02-C631D9188F2C}
		{4F1C8C5C-53A9-42C9-9C8F-8CB459B2CB25} = {228C670C-5610-4FC1-A556-7E876AD83CB2}
		{6DA29E80-4F9C-45EC-B001-8AFDBB5EC044} = {228C670C-5610-4FC1-A556-7E876AD83CB2}
		{F4EC9E0B-BD23-474B-837B-23C082732925} = {228C670C-5610-4FC1-A556-7E876AD83CB2}
		{BBE28BEE-E0BD-425C-811A-2BE9DA219C8A} = {989CC4BD-E749-4E50-BB94-7D322AA76F51}
		{49A88A38-C003-4DBD-9849-421503507E98} = {989CC4BD-E749-4E50-BB94-7D322AA76F51}
		{7B266168-E69C-4CE0-BD1D-84A2BC6F1653} = {989CC4BD-E749-4E50-BB94-7D322AA76F51}
		{CB6B1D2B-0D52-4265-8D78-8380ECC423EB} = {ECA09B22-BB47-4A90-88E9-7C096EED23CC}
		{962A019E-156A-408C-9251-31F42DFA96CD} = {ECA09B22-BB47-4A90-88E9-7C096EED23CC}
		{C4B2B880-540F-4881-A29D-BECB5365695E} = {ECA09B22-BB47-4A90-88E9-7C096EED23CC}
		{9A82CF9D-249E-433D-BDC3-B4443A5119D9} = {A78D7CEF-1281-4F00-AAEE-B1B1308349C2}
		{38F471EB-63F8-47CC-965E-11A9809D3803} = {A78D7CEF-1281-4F00-AAEE-B1B1308349C2}
		{F55C1DAA-BC80-409E-8D66-0628011FA402} = {A78D7CEF-1281-4F00-AAEE-B1B1308349C2}
		{92C273C8-9581-46B8-AEA6-B766AF8F9301} = {1DB73CDD-EC55-4148-8D3A-4D8AE8A556D8}
		{399E3DC1-62D0-4CAE-AC5F-9B7AD483F583} = {1DB73CDD-EC55-4148-8D3A-4D8AE8A556D8}
		{7B75C65D-2E7D-4CB2-A637-AF40FD88A909} = {1DB73CDD-EC55-4148-8D3A-4D8AE8A556D8}
		{BE8ABAE5-5333-46F6-9616-DC5FBAC3C105} = {D2361417-13CA-4C90-AA43-BA6E33BA9F37}
		{12744A5E-F778-4BBB-8AF0-17C7699A5E01} = {D2361417-13CA-4C90-AA43-BA6E33BA9F37}
		{BFC7B337-5E7E-4F87-881B-EE73AE09AEFD} = {D2361417-13CA-4C90-AA43-BA6E33BA9F37}
	EndGlobalSection
	GlobalSection(ExtensibilityGlobals) = postSolution
		SolutionGuid = {8CFED401-B718-4746-B99B-2E34A1A41ECD}
	EndGlobalSection
EndGlobal
